# This file was autogenerated by Stack.
# You should not edit this file by hand.
# For more information, please see the documentation at:
#   https://docs.haskellstack.org/en/stable/lock_files

snapshots:
- original: nightly-2021-06-10
  completed:
    sha256: ef53458d54ca6084c6d8eb5219d03b38878e999af607cf006d5be86669d9a696
    url: https://raw.githubusercontent.com/commercialhaskell/stackage-snapshots/master/nightly/2021/6/10.yaml
    size: 585361
packages:
- original:
    hackage: uuid-quasi-0.1.0.1@sha256:232c7bcf08f2254da52ecb2edf069734d9da5a5240b746f0609fb49b502f3909,797
  completed:
    pantry-tree:
      sha256: 3757a4396890a1a9a3e33def358056058f774e0eb3a059d7ec24d785adaa5ab7
      size: 307
    hackage: uuid-quasi-0.1.0.1@sha256:232c7bcf08f2254da52ecb2edf069734d9da5a5240b746f0609fb49b502f3909,797
- original:
    hackage: rel8-1.0.0.0@sha256:323ce9d0263fd70742a6f58905a78ac8511cfa90b528e52e727a0ee35604be0d,4609
  completed:
    pantry-tree:
      sha256: b79168583232aef7956336ae6d915de8bdf1dceed9b64fd8532444c727144cf4
      size: 8720
    hackage: rel8-1.0.0.0@sha256:323ce9d0263fd70742a6f58905a78ac8511cfa90b528e52e727a0ee35604be0d,4609
